
Microsoft Visual Studio Solution File, Format Version 12.00
# Visual Studio Version 17
VisualStudioVersion = 17.8.34511.84
MinimumVisualStudioVersion = 10.0.40219.1
Project("{FAE04EC0-301F-11D3-BF4B-00C04F79EFBC}") = "HuntShowdownBot", "HuntShowdownBot\HuntShowdownBot.csproj", "{ED7EF271-DB86-45AA-B100-BF04E63F65AE}"
EndProject
Global
	GlobalSection(SolutionConfigurationPlatforms) = preSolution
		Debug|Any CPU = Debug|Any CPU
		Release|Any CPU = Release|Any CPU
	EndGlobalSection
	GlobalSection(ProjectConfigurationPlatforms) = postSolution
		{ED7EF271-DB86-45AA-B100-BF04E63F65AE}.Debug|Any CPU.ActiveCfg = Debug|Any CPU
		{ED7EF271-DB86-45AA-B100-BF04E63F65AE}.Debug|Any CPU.Build.0 = Debug|Any CPU
		{ED7EF271-DB86-45AA-B100-BF04E63F65AE}.Release|Any CPU.ActiveCfg = Release|Any CPU
		{ED7EF271-DB86-45AA-B100-BF04E63F65AE}.Release|Any CPU.Build.0 = Release|Any CPU
	EndGlobalSection
	GlobalSection(SolutionProperties) = preSolution
		HideSolutionNode = FALSE
	EndGlobalSection
	GlobalSection(ExtensibilityGlobals) = postSolution
		SolutionGuid = {BF6839B1-390D-4D5F-97E3-A6C1B54CB5D2}
	EndGlobalSection
EndGlobal
